// !$*UTF8*$!
{
	archiveVersion = 1;
	classes = {
	};
	objectVersion = 50;
	objects = {

/* Begin PBXBuildFile section */
		9236DEB32511FE19000FF727 /* AppDelegate.swift in Sources */ = {isa = PBXBuildFile; fileRef = 9236DEB22511FE19000FF727 /* AppDelegate.swift */; };
		9236DEB52511FE19000FF727 /* SceneDelegate.swift in Sources */ = {isa = PBXBuildFile; fileRef = 9236DEB42511FE19000FF727 /* SceneDelegate.swift */; };
		9236DEB72511FE19000FF727 /* ViewController.swift in Sources */ = {isa = PBXBuildFile; fileRef = 9236DEB62511FE19000FF727 /* ViewController.swift */; };
		9236DEBC2511FE1E000FF727 /* Assets.xcassets in Resources */ = {isa = PBXBuildFile; fileRef = 9236DEBB2511FE1E000FF727 /* Assets.xcassets */; };
		9236DEBF2511FE1E000FF727 /* LaunchScreen.storyboard in Resources */ = {isa = PBXBuildFile; fileRef = 9236DEBD2511FE1E000FF727 /* LaunchScreen.storyboard */; };
/* End PBXBuildFile section */

/* Begin PBXFileReference section */
		9236DEAF2511FE19000FF727 /* ClassJournal.app */ = {isa = PBXFileReference; explicitFileType = wrapper.application; includeInIndex = 0; path = ClassJournal.app; sourceTree = BUILT_PRODUCTS_DIR; };
		9236DEB22511FE19000FF727 /* AppDelegate.swift */ = {isa = PBXFileReference; lastKnownFileType = sourcecode.swift; path = AppDelegate.swift; sourceTree = "<group>"; };
		9236DEB42511FE19000FF727 /* SceneDelegate.swift */ = {isa = PBXFileReference; lastKnownFileType = sourcecode.swift; path = SceneDelegate.swift; sourceTree = "<group>"; };
		9236DEB62511FE19000FF727 /* ViewController.swift */ = {isa = PBXFileReference; lastKnownFileType = sourcecode.swift; path = ViewController.swift; sourceTree = "<group>"; };
		9236DEBB2511FE1E000FF727 /* Assets.xcassets */ = {isa = PBXFileReference; lastKnownFileType = folder.assetcatalog; path = Assets.xcassets; sourceTree = "<group>"; };
		9236DEBE2511FE1E000FF727 /* Base */ = {isa = PBXFileReference; lastKnownFileType = file.storyboard; name = Base; path = Base.lproj/LaunchScreen.storyboard; sourceTree = "<group>"; };
		9236DEC02511FE1E000FF727 /* Info.plist */ = {isa = PBXFileReference; lastKnownFileType = text.plist.xml; path = Info.plist; sourceTree = "<group>"; };
/* End PBXFileReference section */

/* Begin PBXFrameworksBuildPhase section */
		9236DEAC2511FE19000FF727 /* Frameworks */ = {
			isa = PBXFrameworksBuildPhase;
			buildActionMask = 2147483647;
			files = (
			);
			runOnlyForDeploymentPostprocessing = 0;
		};
/* End PBXFrameworksBuildPhase section */

/* Begin PBXGroup section */
		922547B2251216830087CEAE /* Entry */ = {
			isa = PBXGroup;
			children = (
				9236DEB62511FE19000FF727 /* ViewController.swift */,
			);
			path = Entry;
			sourceTree = "<group>";
		};
		9236DEA62511FE19000FF727 = {
			isa = PBXGroup;
			children = (
				9236DEB12511FE19000FF727 /* ClassJournal */,
				9236DEB02511FE19000FF727 /* Products */,
			);
			sourceTree = "<group>";
		};
		9236DEB02511FE19000FF727 /* Products */ = {
			isa = PBXGroup;
			children = (
				9236DEAF2511FE19000FF727 /* ClassJournal.app */,
			);
			name = Products;
			sourceTree = "<group>";
		};
		9236DEB12511FE19000FF727 /* ClassJournal */ = {
			isa = PBXGroup;
			children = (
				9236DEC62511FE26000FF727 /* Delegates */,
				9236DEC72511FE2E000FF727 /* Controllers */,
				9236DEC82511FE39000FF727 /* Storyboards */,
				9236DEBB2511FE1E000FF727 /* Assets.xcassets */,
				9236DEC02511FE1E000FF727 /* Info.plist */,
			);
			path = ClassJournal;
			sourceTree = "<group>";
		};
		9236DEC62511FE26000FF727 /* Delegates */ = {
			isa = PBXGroup;
			children = (
				9236DEB22511FE19000FF727 /* AppDelegate.swift */,
				9236DEB42511FE19000FF727 /* SceneDelegate.swift */,
			);
			path = Delegates;
			sourceTree = "<group>";
		};
		9236DEC72511FE2E000FF727 /* Controllers */ = {
			isa = PBXGroup;
			children = (
				922547B2251216830087CEAE /* Entry */,
			);
			path = Controllers;
			sourceTree = "<group>";
		};
		9236DEC82511FE39000FF727 /* Storyboards */ = {
			isa = PBXGroup;
			children = (
				9236DEBD2511FE1E000FF727 /* LaunchScreen.storyboard */,
			);
			path = Storyboards;
			sourceTree = "<group>";
		};
/* End PBXGroup section */

/* Begin PBXNativeTarget section */
		9236DEAE2511FE19000FF727 /* ClassJournal */ = {
			isa = PBXNativeTarget;
			buildConfigurationList = 9236DEC32511FE1E000FF727 /* Build configuration list for PBXNativeTarget "ClassJournal" */;
			buildPhases = (
				9236DEAB2511FE19000FF727 /* Sources */,
				9236DEAC2511FE19000FF727 /* Frameworks */,
				9236DEAD2511FE19000FF727 /* Resources */,
			);
			buildRules = (
			);
			dependencies = (
			);
			name = ClassJournal;
			productName = ClassJournal;
			productReference = 9236DEAF2511FE19000FF727 /* ClassJournal.app */;
			productType = "com.apple.product-type.application";
		};
/* End PBXNativeTarget section */

/* Begin PBXProject section */
		9236DEA72511FE19000FF727 /* Project object */ = {
			isa = PBXProject;
			attributes = {
				LastSwiftUpdateCheck = 1170;
				LastUpgradeCheck = 1170;
				ORGANIZATIONNAME = Denis;
				TargetAttributes = {
					9236DEAE2511FE19000FF727 = {
						CreatedOnToolsVersion = 11.7;
					};
				};
			};
			buildConfigurationList = 9236DEAA2511FE19000FF727 /* Build configuration list for PBXProject "ClassJournal" */;
			compatibilityVersion = "Xcode 9.3";
			developmentRegion = en;
			hasScannedForEncodings = 0;
			knownRegions = (
				en,
				Base,
			);
			mainGroup = 9236DEA62511FE19000FF727;
			productRefGroup = 9236DEB02511FE19000FF727 /* Products */;
			projectDirPath = "";
			projectRoot = "";
			targets = (
				9236DEAE2511FE19000FF727 /* ClassJournal */,
			);
		};
/* End PBXProject section */

/* Begin PBXResourcesBuildPhase section */
		9236DEAD2511FE19000FF727 /* Resources */ = {
			isa = PBXResourcesBuildPhase;
			buildActionMask = 2147483647;
			files = (
				9236DEBF2511FE1E000FF727 /* LaunchScreen.storyboard in Resources */,
				9236DEBC2511FE1E000FF727 /* Assets.xcassets in Resources */,
			);
			runOnlyForDeploymentPostprocessing = 0;
		};
/* End PBXResourcesBuildPhase section */

/* Begin PBXSourcesBuildPhase section */
		9236DEAB2511FE19000FF727 /* Sources */ = {
			isa = PBXSourcesBuildPhase;
			buildActionMask = 2147483647;
			files = (
				9236DEB72511FE19000FF727 /* ViewController.swift in Sources */,
				9236DEB32511FE19000FF727 /* AppDelegate.swift in Sources */,
				9236DEB52511FE19000FF727 /* SceneDelegate.swift in Sources */,
			);
			runOnlyForDeploymentPostprocessing = 0;
		};
/* End PBXSourcesBuildPhase section */

/* Begin PBXVariantGroup section */
		9236DEBD2511FE1E000FF727 /* LaunchScreen.storyboard */ = {
			isa = PBXVariantGroup;
			children = (
				9236DEBE2511FE1E000FF727 /* Base */,
			);
			name = LaunchScreen.storyboard;
			sourceTree = "<group>";
		};
/* End PBXVariantGroup section */

/* Begin XCBuildConfiguration section */
		9236DEC12511FE1E000FF727 /* Debug */ = {
			isa = XCBuildConfiguration;
			buildSettings = {
				ALWAYS_SEARCH_USER_PATHS = NO;
				CLANG_ANALYZER_NONNULL = YES;
				CLANG_ANALYZER_NUMBER_OBJECT_CONVERSION = YES_AGGRESSIVE;
				CLANG_CXX_LANGUAGE_STANDARD = "gnu++14";
				CLANG_CXX_LIBRARY = "libc++";
				CLANG_ENABLE_MODULES = YES;
				CLANG_ENABLE_OBJC_ARC = YES;
				CLANG_ENABLE_OBJC_WEAK = YES;
				CLANG_WARN_BLOCK_CAPTURE_AUTORELEASING = YES;
				CLANG_WARN_BOOL_CONVERSION = YES;
				CLANG_WARN_COMMA = YES;
				CLANG_WARN_CONSTANT_CONVERSION = YES;
				CLANG_WARN_DEPRECATED_OBJC_IMPLEMENTATIONS = YES;
				CLANG_WARN_DIRECT_OBJC_ISA_USAGE = YES_ERROR;
				CLANG_WARN_DOCUMENTATION_COMMENTS = YES;
				CLANG_WARN_EMPTY_BODY = YES;
				CLANG_WARN_ENUM_CONVERSION = YES;
				CLANG_WARN_INFINITE_RECURSION = YES;
				CLANG_WARN_INT_CONVERSION = YES;
				CLANG_WARN_NON_LITERAL_NULL_CONVERSION = YES;
				CLANG_WARN_OBJC_IMPLICIT_RETAIN_SELF = YES;
				CLANG_WARN_OBJC_LITERAL_CONVERSION = YES;
				CLANG_WARN_OBJC_ROOT_CLASS = YES_ERROR;
				CLANG_WARN_RANGE_LOOP_ANALYSIS = YES;
				CLANG_WARN_STRICT_PROTOTYPES = YES;
				CLANG_WARN_SUSPICIOUS_MOVE = YES;
				CLANG_WARN_UNGUARDED_AVAILABILITY = YES_AGGRESSIVE;
				CLANG_WARN_UNREACHABLE_CODE = YES;
				CLANG_WARN__DUPLICATE_METHOD_MATCH = YES;
				COPY_PHASE_STRIP = NO;
				DEBUG_INFORMATION_FORMAT = dwarf;
				ENABLE_STRICT_OBJC_MSGSEND = YES;
				ENABLE_TESTABILITY = YES;
				GCC_C_LANGUAGE_STANDARD = gnu11;
				GCC_DYNAMIC_NO_PIC = NO;
				GCC_NO_COMMON_BLOCKS = YES;
				GCC_OPTIMIZATION_LEVEL = 0;
				GCC_PREPROCESSOR_DEFINITIONS = (
					"DEBUG=1",
					"$(inherited)",
				);
				GCC_WARN_64_TO_32_BIT_CONVERSION = YES;
				GCC_WARN_ABOUT_RETURN_TYPE = YES_ERROR;
				GCC_WARN_UNDECLARED_SELECTOR = YES;
				GCC_WARN_UNINITIALIZED_AUTOS = YES_AGGRESSIVE;
				GCC_WARN_UNUSED_FUNCTION = YES;
				GCC_WARN_UNUSED_VARIABLE = YES;
				IPHONEOS_DEPLOYMENT_TARGET = 13.7;
				MTL_ENABLE_DEBUG_INFO = INCLUDE_SOURCE;
				MTL_FAST_MATH = YES;
				ONLY_ACTIVE_ARCH = YES;
				SDKROOT = iphoneos;
				SWIFT_ACTIVE_COMPILATION_CONDITIONS = DEBUG;
				SWIFT_OPTIMIZATION_LEVEL = "-Onone";
			};
			name = Debug;
		};
		9236DEC22511FE1E000FF727 /* Release */ = {
			isa = XCBuildConfiguration;
			buildSettings = {
				ALWAYS_SEARCH_USER_PATHS = NO;
				CLANG_ANALYZER_NONNULL = YES;
				CLANG_ANALYZER_NUMBER_OBJECT_CONVERSION = YES_AGGRESSIVE;
				CLANG_CXX_LANGUAGE_STANDARD = "gnu++14";
				CLANG_CXX_LIBRARY = "libc++";
				CLANG_ENABLE_MODULES = YES;
				CLANG_ENABLE_OBJC_ARC = YES;
				CLANG_ENABLE_OBJC_WEAK = YES;
				CLANG_WARN_BLOCK_CAPTURE_AUTORELEASING = YES;
				CLANG_WARN_BOOL_CONVERSION = YES;
				CLANG_WARN_COMMA = YES;
				CLANG_WARN_CONSTANT_CONVERSION = YES;
				CLANG_WARN_DEPRECATED_OBJC_IMPLEMENTATIONS = YES;
				CLANG_WARN_DIRECT_OBJC_ISA_USAGE = YES_ERROR;
				CLANG_WARN_DOCUMENTATION_COMMENTS = YES;
				CLANG_WARN_EMPTY_BODY = YES;
				CLANG_WARN_ENUM_CONVERSION = YES;
				CLANG_WARN_INFINITE_RECURSION = YES;
				CLANG_WARN_INT_CONVERSION = YES;
				CLANG_WARN_NON_LITERAL_NULL_CONVERSION = YES;
				CLANG_WARN_OBJC_IMPLICIT_RETAIN_SELF = YES;
				CLANG_WARN_OBJC_LITERAL_CONVERSION = YES;
				CLANG_WARN_OBJC_ROOT_CLASS = YES_ERROR;
				CLANG_WARN_RANGE_LOOP_ANALYSIS = YES;
				CLANG_WARN_STRICT_PROTOTYPES = YES;
				CLANG_WARN_SUSPICIOUS_MOVE = YES;
				CLANG_WARN_UNGUARDED_AVAILABILITY = YES_AGGRESSIVE;
				CLANG_WARN_UNREACHABLE_CODE = YES;
				CLANG_WARN__DUPLICATE_METHOD_MATCH = YES;
				COPY_PHASE_STRIP = NO;
				DEBUG_INFORMATION_FORMAT = "dwarf-with-dsym";
				ENABLE_NS_ASSERTIONS = NO;
				ENABLE_STRICT_OBJC_MSGSEND = YES;
				GCC_C_LANGUAGE_STANDARD = gnu11;
				GCC_NO_COMMON_BLOCKS = YES;
				GCC_WARN_64_TO_32_BIT_CONVERSION = YES;
				GCC_WARN_ABOUT_RETURN_TYPE = YES_ERROR;
				GCC_WARN_UNDECLARED_SELECTOR = YES;
				GCC_WARN_UNINITIALIZED_AUTOS = YES_AGGRESSIVE;
				GCC_WARN_UNUSED_FUNCTION = YES;
				GCC_WARN_UNUSED_VARIABLE = YES;
				IPHONEOS_DEPLOYMENT_TARGET = 13.7;
				MTL_ENABLE_DEBUG_INFO = NO;
				MTL_FAST_MATH = YES;
				SDKROOT = iphoneos;
				SWIFT_COMPILATION_MODE = wholemodule;
				SWIFT_OPTIMIZATION_LEVEL = "-O";
				VALIDATE_PRODUCT = YES;
			};
			name = Release;
		};
		9236DEC42511FE1E000FF727 /* Debug */ = {
			isa = XCBuildConfiguration;
			buildSettings = {
				ASSETCATALOG_COMPILER_APPICON_NAME = AppIcon;
				CODE_SIGN_STYLE = Automatic;
				INFOPLIST_FILE = ClassJournal/Info.plist;
				LD_RUNPATH_SEARCH_PATHS = (
					"$(inherited)",
					"@executable_path/Frameworks",
				);
				PRODUCT_BUNDLE_IDENTIFIER = sqrt.ClassJournal;
				PRODUCT_NAME = "$(TARGET_NAME)";
				SWIFT_VERSION = 5.0;
				TARGETED_DEVICE_FAMILY = "1,2";
			};
			name = Debug;
		};
		9236DEC52511FE1E000FF727 /* Release */ = {
			isa = XCBuildConfiguration;
			buildSettings = {
				ASSETCATALOG_COMPILER_APPICON_NAME = AppIcon;
				CODE_SIGN_STYLE = Automatic;
				INFOPLIST_FILE = ClassJournal/Info.plist;
				LD_RUNPATH_SEARCH_PATHS = (
					"$(inherited)",
					"@executable_path/Frameworks",
				);
				PRODUCT_BUNDLE_IDENTIFIER = sqrt.ClassJournal;
				PRODUCT_NAME = "$(TARGET_NAME)";
				SWIFT_VERSION = 5.0;
				TARGETED_DEVICE_FAMILY = "1,2";
			};
			name = Release;
		};
/* End XCBuildConfiguration section */

/* Begin XCConfigurationList section */
		9236DEAA2511FE19000FF727 /* Build configuration list for PBXProject "ClassJournal" */ = {
			isa = XCConfigurationList;
			buildConfigurations = (
				9236DEC12511FE1E000FF727 /* Debug */,
				9236DEC22511FE1E000FF727 /* Release */,
			);
			defaultConfigurationIsVisible = 0;
			defaultConfigurationName = Release;
		};
		9236DEC32511FE1E000FF727 /* Build configuration list for PBXNativeTarget "ClassJournal" */ = {
			isa = XCConfigurationList;
			buildConfigurations = (
				9236DEC42511FE1E000FF727 /* Debug */,
				9236DEC52511FE1E000FF727 /* Release */,
			);
			defaultConfigurationIsVisible = 0;
			defaultConfigurationName = Release;
		};
/* End XCConfigurationList section */
	};
	rootObject = 9236DEA72511FE19000FF727 /* Project object */;
}
